
Microsoft Visual Studio Solution File, Format Version 12.00
# Visual Studio Version 17
VisualStudioVersion = 17.0.31903.59
MinimumVisualStudioVersion = 10.0.40219.1
Project("{FAE04EC0-301F-11D3-BF4B-00C04F79EFBC}") = "MeuPrograma", "MeuPrograma\MeuPrograma.csproj", "{D2182324-7480-4542-AD02-2F156FA2D78A}"
EndProject
Project("{FAE04EC0-301F-11D3-BF4B-00C04F79EFBC}") = "VariousTypes", "VariousTypes\VariousTypes.csproj", "{CF2B9683-1941-4E1D-9F89-A4B06B875398}"
EndProject
Global
	GlobalSection(SolutionConfigurationPlatforms) = preSolution
		Debug|Any CPU = Debug|Any CPU
		Release|Any CPU = Release|Any CPU
	EndGlobalSection
	GlobalSection(SolutionProperties) = preSolution
		HideSolutionNode = FALSE
	EndGlobalSection
	GlobalSection(ProjectConfigurationPlatforms) = postSolution
		{D2182324-7480-4542-AD02-2F156FA2D78A}.Debug|Any CPU.ActiveCfg = Debug|Any CPU
		{D2182324-7480-4542-AD02-2F156FA2D78A}.Debug|Any CPU.Build.0 = Debug|Any CPU
		{D2182324-7480-4542-AD02-2F156FA2D78A}.Release|Any CPU.ActiveCfg = Release|Any CPU
		{D2182324-7480-4542-AD02-2F156FA2D78A}.Release|Any CPU.Build.0 = Release|Any CPU
		{CF2B9683-1941-4E1D-9F89-A4B06B875398}.Debug|Any CPU.ActiveCfg = Debug|Any CPU
		{CF2B9683-1941-4E1D-9F89-A4B06B875398}.Debug|Any CPU.Build.0 = Debug|Any CPU
		{CF2B9683-1941-4E1D-9F89-A4B06B875398}.Release|Any CPU.ActiveCfg = Release|Any CPU
		{CF2B9683-1941-4E1D-9F89-A4B06B875398}.Release|Any CPU.Build.0 = Release|Any CPU
	EndGlobalSection
EndGlobal
